<?xml version="1.0" encoding="utf-8"?>
<Project ToolsVersion="4.0" xmlns="http://schemas.microsoft.com/developer/msbuild/2003">
  <ItemGroup>
    <Filter Include="Code">
      <UniqueIdentifier>{40986548-e897-451f-aac0-cac578a62502}</UniqueIdentifier>
    </Filter>
    <Filter Include="Code\AREN">
      <UniqueIdentifier>{28ee63f4-051f-485c-a43b-409cbe4e5937}</UniqueIdentifier>
    </Filter>
  </ItemGroup>
  <ItemGroup>
    <Text Include="ReadMe.txt" />
  </ItemGroup>
  <ItemGroup>
    <ClInclude Include="AREN\ArenDataTypes.h">
      <Filter>Code\AREN</Filter>
    </ClInclude>
    <ClInclude Include="AREN\ScopedFuncCall.h">
      <Filter>Code\AREN</Filter>
    </ClInclude>
    <ClInclude Include="aes.h">
      <Filter>Code</Filter>
    </ClInclude>
    <ClInclude Include="hashing.h">
      <Filter>Code</Filter>
    </ClInclude>
    <ClInclude Include="AREN\SerializationBuffers.h">
      <Filter>Code\AREN</Filter>
    </ClInclude>
  </ItemGroup>
  <ItemGroup>
    <ClCompile Include="aes.cpp">
      <Filter>Code</Filter>
    </ClCompile>
  </ItemGroup>
</Project>