<?xml version="1.0" encoding="utf-8"?>
<Project ToolsVersion="4.0" xmlns="http://schemas.microsoft.com/developer/msbuild/2003">
  <ItemGroup>
    <Filter Include="Resource Files">
      <UniqueIdentifier>{67DA6AB6-F800-4c08-8B7A-83BB121AAD01}</UniqueIdentifier>
      <Extensions>rc;ico;cur;bmp;dlg;rc2;rct;bin;rgs;gif;jpg;jpeg;jpe;resx;tiff;tif;png;wav;mfcribbon-ms</Extensions>
    </Filter>
    <Filter Include="Code">
      <UniqueIdentifier>{b00b4dd0-9281-4728-abdd-3fb50a323cd2}</UniqueIdentifier>
    </Filter>
    <Filter Include="Code\AlgoImplementations">
      <UniqueIdentifier>{2f223e65-bba0-4393-8c94-f71e1f63da9f}</UniqueIdentifier>
    </Filter>
    <Filter Include="Code\TestData">
      <UniqueIdentifier>{7382aadb-ff7f-47dd-81a3-bf2f23f283b4}</UniqueIdentifier>
    </Filter>
    <Filter Include="Code\StepTest">
      <UniqueIdentifier>{6397bddf-3afb-4c55-b890-e2142a73fc6f}</UniqueIdentifier>
    </Filter>
  </ItemGroup>
  <ItemGroup>
    <ClInclude Include="resource.h" />
    <ClInclude Include="AbstractAlgorithm.h">
      <Filter>Code</Filter>
    </ClInclude>
    <ClInclude Include="AlgoTest.h">
      <Filter>Code</Filter>
    </ClInclude>
    <ClInclude Include="KnownConstantsProvider.h">
      <Filter>Code</Filter>
    </ClInclude>
    <ClInclude Include="NonceStructs.h">
      <Filter>Code</Filter>
    </ClInclude>
    <ClInclude Include="TestData\Fresh.h">
      <Filter>Code\TestData</Filter>
    </ClInclude>
    <ClInclude Include="TestData\MYRGRS.h">
      <Filter>Code\TestData</Filter>
    </ClInclude>
    <ClInclude Include="TestData\Neoscrypt.h">
      <Filter>Code\TestData</Filter>
    </ClInclude>
    <ClInclude Include="TestData\Qubit.h">
      <Filter>Code\TestData</Filter>
    </ClInclude>
    <ClInclude Include="StepTest\misc.h" />
    <ClInclude Include="AlgoImplementations\MYRGRSMonolithicCL12.h">
      <Filter>Code\AlgoImplementations</Filter>
    </ClInclude>
    <ClInclude Include="AlgoImplementations\QubitFiveStepsCL12.h">
      <Filter>Code\AlgoImplementations</Filter>
    </ClInclude>
    <ClInclude Include="StepTest\SIMD_16W.h">
      <Filter>Code\StepTest</Filter>
    </ClInclude>
    <ClInclude Include="StepTest\Shavite3_1W.h">
      <Filter>Code\StepTest</Filter>
    </ClInclude>
    <ClInclude Include="StepTest\NS_CoreLoops.h">
      <Filter>Code\StepTest</Filter>
    </ClInclude>
    <ClInclude Include="StepTest\Luffa_1W.h">
      <Filter>Code\StepTest</Filter>
    </ClInclude>
    <ClInclude Include="AlgoImplementations\FreshWarmCL12.h">
      <Filter>Code\AlgoImplementations</Filter>
    </ClInclude>
    <ClInclude Include="StepTest\Echo_8W.h">
      <Filter>Code\StepTest</Filter>
    </ClInclude>
    <ClInclude Include="StepTest\CubeHash_2W.h">
      <Filter>Code\StepTest</Filter>
    </ClInclude>
    <ClInclude Include="AlgoImplementations\NeoscryptSmoothCL12.h">
      <Filter>Code\AlgoImplementations</Filter>
    </ClInclude>
    <ClInclude Include="StepTest\NS_KDFs_4W.h">
      <Filter>Code\StepTest</Filter>
    </ClInclude>
  </ItemGroup>
  <ItemGroup>
    <ResourceCompile Include="oclcckvck.rc">
      <Filter>Resource Files</Filter>
    </ResourceCompile>
  </ItemGroup>
  <ItemGroup>
    <Image Include="icon1.ico">
      <Filter>Resource Files</Filter>
    </Image>
  </ItemGroup>
  <ItemGroup>
    <ClCompile Include="oclcckvck.cpp">
      <Filter>Code</Filter>
    </ClCompile>
    <ClCompile Include="AbstractAlgorithm.cpp">
      <Filter>Code</Filter>
    </ClCompile>
    <ClCompile Include="TestData\Fresh.cpp">
      <Filter>Code\TestData</Filter>
    </ClCompile>
    <ClCompile Include="TestData\MYRGRS.cpp">
      <Filter>Code\TestData</Filter>
    </ClCompile>
    <ClCompile Include="TestData\Neoscrypt.cpp">
      <Filter>Code\TestData</Filter>
    </ClCompile>
    <ClCompile Include="TestData\Qubit.cpp">
      <Filter>Code\TestData</Filter>
    </ClCompile>
    <ClCompile Include="..\..\..\..\Visual Studio 2013\Projects\oclcckvck\oclcckvck\StepTest\NS_CoreLoops.cpp">
      <Filter>Code\StepTest</Filter>
    </ClCompile>
    <ClCompile Include="..\..\..\..\Visual Studio 2013\Projects\oclcckvck\oclcckvck\StepTest\NS_KDFs_4W.cpp">
      <Filter>Code\StepTest</Filter>
    </ClCompile>
  </ItemGroup>
</Project>